<?xml version="1.0" encoding="utf-8"?>
<Project ToolsVersion="4.0" xmlns="http://schemas.microsoft.com/developer/msbuild/2003">
  <ItemGroup>
    <Filter Include="Graphics">
      <UniqueIdentifier>{6963ad77-0edd-4dfe-a8ee-264fb0a22fdc}</UniqueIdentifier>
    </Filter>
    <Filter Include="Physics">
      <UniqueIdentifier>{07d3b3ee-24a6-4117-a199-e9ab544eba77}</UniqueIdentifier>
    </Filter>
    <Filter Include="Simulation">
      <UniqueIdentifier>{c53d7c52-25ec-4cb0-9512-ed7d91b257bd}</UniqueIdentifier>
    </Filter>
    <Filter Include="Geometry">
      <UniqueIdentifier>{e4cc39e0-d967-41ce-b276-5a752b73ccd6}</UniqueIdentifier>
    </Filter>
    <Filter Include="Physics\Constraints">
      <UniqueIdentifier>{52cda0f0-7bd6-4be5-883d-823e1efd2fd8}</UniqueIdentifier>
    </Filter>
  </ItemGroup>
  <ItemGroup>
    <ClInclude Include="Graphics\stb_image.h">
      <Filter>Graphics</Filter>
    </ClInclude>
    <ClInclude Include="Graphics\Model.h">
      <Filter>Graphics</Filter>
    </ClInclude>
    <ClInclude Include="Graphics\Shader.h">
      <Filter>Graphics</Filter>
    </ClInclude>
    <ClInclude Include="Graphics\Poly.h">
      <Filter>Graphics</Filter>
    </ClInclude>
    <ClInclude Include="Graphics\Camera.h">
      <Filter>Graphics</Filter>
    </ClInclude>
    <ClInclude Include="Graphics\Line.h">
      <Filter>Graphics</Filter>
    </ClInclude>
    <ClInclude Include="Physics\Body.h">
      <Filter>Physics</Filter>
    </ClInclude>
    <ClInclude Include="Simulation\ParserTest.h">
      <Filter>Simulation</Filter>
    </ClInclude>
    <ClInclude Include="Simulation\Simulation.h">
      <Filter>Simulation</Filter>
    </ClInclude>
    <ClInclude Include="Geometry\Mesh.h">
      <Filter>Geometry</Filter>
    </ClInclude>
    <ClInclude Include="Geometry\ObjParser.h">
      <Filter>Geometry</Filter>
    </ClInclude>
    <ClInclude Include="Simulation\Simulations.h">
      <Filter>Simulation</Filter>
    </ClInclude>
    <ClInclude Include="Simulation\ScaleTest.h">
      <Filter>Simulation</Filter>
    </ClInclude>
    <ClInclude Include="Physics\Collider.h">
      <Filter>Physics</Filter>
    </ClInclude>
    <ClInclude Include="Simulation\InertiaTest.h">
      <Filter>Simulation</Filter>
    </ClInclude>
    <ClInclude Include="Physics\HullCollider.h">
      <Filter>Physics</Filter>
    </ClInclude>
    <ClInclude Include="Physics\NarrowPhase.h">
      <Filter>Physics</Filter>
    </ClInclude>
    <ClInclude Include="Geometry\Geometry.h">
      <Filter>Geometry</Filter>
    </ClInclude>
    <ClInclude Include="Simulation\CollisionDetectionTest.h">
      <Filter>Simulation</Filter>
    </ClInclude>
    <ClInclude Include="Physics\Contact.h">
      <Filter>Physics\Constraints</Filter>
    </ClInclude>
    <ClInclude Include="Physics\ConstraintCommon.h">
      <Filter>Physics\Constraints</Filter>
    </ClInclude>
    <ClInclude Include="Simulation\FrictionTest.h">
      <Filter>Simulation</Filter>
    </ClInclude>
    <ClInclude Include="Simulation\CompositeBodyTest.h">
      <Filter>Simulation</Filter>
    </ClInclude>
    <ClInclude Include="Simulation\PositionJointTest.h">
      <Filter>Simulation</Filter>
    </ClInclude>
    <ClInclude Include="Physics\MouseJoint.h">
      <Filter>Physics\Constraints</Filter>
    </ClInclude>
    <ClInclude Include="Physics\PositionJoint.h">
      <Filter>Physics\Constraints</Filter>
    </ClInclude>
    <ClInclude Include="Physics\PrimitiveQuery.h">
      <Filter>Physics</Filter>
    </ClInclude>
    <ClInclude Include="Simulation\FractureTest.h">
      <Filter>Simulation</Filter>
    </ClInclude>
    <ClInclude Include="Simulation\MergeCoplanarTest.h">
      <Filter>Simulation</Filter>
    </ClInclude>
    <ClInclude Include="Physics\PlaneConstraint.h">
      <Filter>Physics\Constraints</Filter>
    </ClInclude>
    <ClInclude Include="Simulation\PlaneConstraintTest.h">
      <Filter>Simulation</Filter>
    </ClInclude>
    <ClInclude Include="Physics\RevoluteJoint.h">
      <Filter>Physics\Constraints</Filter>
    </ClInclude>
    <ClInclude Include="Simulation\RevoluteJointTest.h">
      <Filter>Simulation</Filter>
    </ClInclude>
    <ClInclude Include="Physics\SphereCollider.h">
      <Filter>Physics</Filter>
    </ClInclude>
    <ClInclude Include="Simulation\LemonadeMachine.h">
      <Filter>Simulation</Filter>
    </ClInclude>
    <ClInclude Include="Simulation\Dominoes.h">
      <Filter>Simulation</Filter>
    </ClInclude>
    <ClInclude Include="Physics\BroadPhase.h">
      <Filter>Physics</Filter>
    </ClInclude>
    <ClInclude Include="Physics\Particle.h">
      <Filter>Physics</Filter>
    </ClInclude>
    <ClInclude Include="Physics\Spring.h">
      <Filter>Physics\Constraints</Filter>
    </ClInclude>
    <ClInclude Include="Simulation\ClothSimulation.h">
      <Filter>Simulation</Filter>
    </ClInclude>
  </ItemGroup>
  <ItemGroup>
    <ClCompile Include="glad.c" />
    <ClCompile Include="Graphics\stb_image.cpp">
      <Filter>Graphics</Filter>
    </ClCompile>
    <ClCompile Include="Graphics\Shader.cpp">
      <Filter>Graphics</Filter>
    </ClCompile>
    <ClCompile Include="Graphics\Model.cpp">
      <Filter>Graphics</Filter>
    </ClCompile>
    <ClCompile Include="Main.cpp" />
    <ClCompile Include="Graphics\Camera.cpp">
      <Filter>Graphics</Filter>
    </ClCompile>
    <ClCompile Include="Physics\Body.cpp">
      <Filter>Physics</Filter>
    </ClCompile>
    <ClCompile Include="Simulation\Simulation.cpp">
      <Filter>Simulation</Filter>
    </ClCompile>
    <ClCompile Include="Simulation\ParserTest.cpp">
      <Filter>Simulation</Filter>
    </ClCompile>
    <ClCompile Include="Geometry\ObjParser.cpp">
      <Filter>Geometry</Filter>
    </ClCompile>
    <ClCompile Include="Simulation\ScaleTest.cpp">
      <Filter>Simulation</Filter>
    </ClCompile>
    <ClCompile Include="Simulation\InertiaTest.cpp">
      <Filter>Simulation</Filter>
    </ClCompile>
    <ClCompile Include="Physics\HullCollider.cpp">
      <Filter>Physics</Filter>
    </ClCompile>
    <ClCompile Include="Physics\NarrowPhase.cpp">
      <Filter>Physics</Filter>
    </ClCompile>
    <ClCompile Include="Geometry\Geometry.cpp">
      <Filter>Geometry</Filter>
    </ClCompile>
    <ClCompile Include="Simulation\CollisionDetectionTest.cpp">
      <Filter>Simulation</Filter>
    </ClCompile>
    <ClCompile Include="Physics\ConstraintCommon.cpp">
      <Filter>Physics\Constraints</Filter>
    </ClCompile>
    <ClCompile Include="Physics\Contact.cpp">
      <Filter>Physics\Constraints</Filter>
    </ClCompile>
    <ClCompile Include="Simulation\FrictionTest.cpp">
      <Filter>Simulation</Filter>
    </ClCompile>
    <ClCompile Include="Simulation\CompositeBodyTest.cpp">
      <Filter>Simulation</Filter>
    </ClCompile>
    <ClCompile Include="Simulation\PositionJointTest.cpp">
      <Filter>Simulation</Filter>
    </ClCompile>
    <ClCompile Include="Physics\PositionJoint.cpp">
      <Filter>Physics\Constraints</Filter>
    </ClCompile>
    <ClCompile Include="Physics\MouseJoint.cpp">
      <Filter>Physics\Constraints</Filter>
    </ClCompile>
    <ClCompile Include="Physics\PrimitiveQuery.cpp">
      <Filter>Physics</Filter>
    </ClCompile>
    <ClCompile Include="Simulation\FractureTest.cpp">
      <Filter>Simulation</Filter>
    </ClCompile>
    <ClCompile Include="Simulation\MergeCoplanarTest.cpp">
      <Filter>Simulation</Filter>
    </ClCompile>
    <ClCompile Include="Geometry\Mesh.cpp">
      <Filter>Geometry</Filter>
    </ClCompile>
    <ClCompile Include="Physics\PlaneConstraint.cpp">
      <Filter>Physics\Constraints</Filter>
    </ClCompile>
    <ClCompile Include="Simulation\PlaneConstraintTest.cpp">
      <Filter>Simulation</Filter>
    </ClCompile>
    <ClCompile Include="Physics\RevoluteJoint.cpp">
      <Filter>Physics\Constraints</Filter>
    </ClCompile>
    <ClCompile Include="Simulation\RevoluteJointTest.cpp">
      <Filter>Simulation</Filter>
    </ClCompile>
    <ClCompile Include="Physics\SphereCollider.cpp">
      <Filter>Physics</Filter>
    </ClCompile>
    <ClCompile Include="Simulation\LemonadeMachine.cpp">
      <Filter>Simulation</Filter>
    </ClCompile>
    <ClCompile Include="Simulation\Dominoes.cpp">
      <Filter>Simulation</Filter>
    </ClCompile>
    <ClCompile Include="Physics\BroadPhase.cpp">
      <Filter>Physics</Filter>
    </ClCompile>
    <ClCompile Include="Physics\Particle.cpp">
      <Filter>Physics</Filter>
    </ClCompile>
    <ClCompile Include="Physics\Spring.cpp">
      <Filter>Physics\Constraints</Filter>
    </ClCompile>
    <ClCompile Include="Simulation\ClothSimulation.cpp">
      <Filter>Simulation</Filter>
    </ClCompile>
  </ItemGroup>
</Project>